
Microsoft Visual Studio Solution File, Format Version 12.00
# Visual Studio Version 17
VisualStudioVersion = 17.3.32929.385
MinimumVisualStudioVersion = 10.0.40219.1
Project("{FAE04EC0-301F-11D3-BF4B-00C04F79EFBC}") = "Prb.PizzaOrder.Wpf", "Prb.PizzaOrder.Wpf\Prb.PizzaOrder.Wpf.csproj", "{F5F362A1-D4DC-44B1-BEF9-299D0ED008E1}"
EndProject
Global
	GlobalSection(SolutionConfigurationPlatforms) = preSolution
		Debug|Any CPU = Debug|Any CPU
		Release|Any CPU = Release|Any CPU
	EndGlobalSection
	GlobalSection(ProjectConfigurationPlatforms) = postSolution
		{F5F362A1-D4DC-44B1-BEF9-299D0ED008E1}.Debug|Any CPU.ActiveCfg = Debug|Any CPU
		{F5F362A1-D4DC-44B1-BEF9-299D0ED008E1}.Debug|Any CPU.Build.0 = Debug|Any CPU
		{F5F362A1-D4DC-44B1-BEF9-299D0ED008E1}.Release|Any CPU.ActiveCfg = Release|Any CPU
		{F5F362A1-D4DC-44B1-BEF9-299D0ED008E1}.Release|Any CPU.Build.0 = Release|Any CPU
	EndGlobalSection
	GlobalSection(SolutionProperties) = preSolution
		HideSolutionNode = FALSE
	EndGlobalSection
	GlobalSection(ExtensibilityGlobals) = postSolution
		SolutionGuid = {530D827D-ACB1-4844-8C42-6AC6B5227EF8}
	EndGlobalSection
EndGlobal
